// !$*UTF8*$!
{
	archiveVersion = 1;
	classes = {
	};
	objectVersion = 50;
	objects = {

/* Begin PBXBuildFile section */
		C6872A07233FCE95004A904C /* AppDelegate.swift in Sources */ = {isa = PBXBuildFile; fileRef = C6872A06233FCE95004A904C /* AppDelegate.swift */; };
		C6872A09233FCE96004A904C /* Assets.xcassets in Resources */ = {isa = PBXBuildFile; fileRef = C6872A08233FCE96004A904C /* Assets.xcassets */; };
		C6872A0C233FCE96004A904C /* MainMenu.xib in Resources */ = {isa = PBXBuildFile; fileRef = C6872A0A233FCE96004A904C /* MainMenu.xib */; };
		C6872A1F233FE1AA004A904C /* libbox_format.a in Frameworks */ = {isa = PBXBuildFile; fileRef = C6872A1E233FE1AA004A904C /* libbox_format.a */; };
/* End PBXBuildFile section */

/* Begin PBXFileReference section */
		C6872A03233FCE95004A904C /* Unboxer.app */ = {isa = PBXFileReference; explicitFileType = wrapper.application; includeInIndex = 0; path = Unboxer.app; sourceTree = BUILT_PRODUCTS_DIR; };
		C6872A06233FCE95004A904C /* AppDelegate.swift */ = {isa = PBXFileReference; lastKnownFileType = sourcecode.swift; path = AppDelegate.swift; sourceTree = "<group>"; };
		C6872A08233FCE96004A904C /* Assets.xcassets */ = {isa = PBXFileReference; lastKnownFileType = folder.assetcatalog; path = Assets.xcassets; sourceTree = "<group>"; };
		C6872A0B233FCE96004A904C /* Base */ = {isa = PBXFileReference; lastKnownFileType = file.xib; name = Base; path = Base.lproj/MainMenu.xib; sourceTree = "<group>"; };
		C6872A0D233FCE96004A904C /* Info.plist */ = {isa = PBXFileReference; lastKnownFileType = text.plist.xml; path = Info.plist; sourceTree = "<group>"; };
		C6872A0E233FCE96004A904C /* Unboxer.entitlements */ = {isa = PBXFileReference; lastKnownFileType = text.plist.entitlements; path = Unboxer.entitlements; sourceTree = "<group>"; };
		C6872A14233FD7F2004A904C /* Unboxer-Bridging-Header.h */ = {isa = PBXFileReference; lastKnownFileType = sourcecode.c.h; path = "Unboxer-Bridging-Header.h"; sourceTree = "<group>"; };
		C6872A19233FDF70004A904C /* libbox_format.a */ = {isa = PBXFileReference; lastKnownFileType = archive.ar; name = libbox_format.a; path = "../../box-compress/target/debug/libbox_format.a"; sourceTree = "<group>"; };
		C6872A1E233FE1AA004A904C /* libbox_format.a */ = {isa = PBXFileReference; lastKnownFileType = archive.ar; path = libbox_format.a; sourceTree = "<group>"; };
/* End PBXFileReference section */

/* Begin PBXFrameworksBuildPhase section */
		C6872A00233FCE95004A904C /* Frameworks */ = {
			isa = PBXFrameworksBuildPhase;
			buildActionMask = 2147483647;
			files = (
				C6872A1F233FE1AA004A904C /* libbox_format.a in Frameworks */,
			);
			runOnlyForDeploymentPostprocessing = 0;
		};
/* End PBXFrameworksBuildPhase section */

/* Begin PBXGroup section */
		C68729FA233FCE95004A904C = {
			isa = PBXGroup;
			children = (
				C6872A05233FCE95004A904C /* Unboxer */,
				C6872A04233FCE95004A904C /* Products */,
				C6872A18233FDF70004A904C /* Frameworks */,
			);
			sourceTree = "<group>";
		};
		C6872A04233FCE95004A904C /* Products */ = {
			isa = PBXGroup;
			children = (
				C6872A03233FCE95004A904C /* Unboxer.app */,
			);
			name = Products;
			sourceTree = "<group>";
		};
		C6872A05233FCE95004A904C /* Unboxer */ = {
			isa = PBXGroup;
			children = (
				C6872A1E233FE1AA004A904C /* libbox_format.a */,
				C6872A06233FCE95004A904C /* AppDelegate.swift */,
				C6872A08233FCE96004A904C /* Assets.xcassets */,
				C6872A0A233FCE96004A904C /* MainMenu.xib */,
				C6872A0D233FCE96004A904C /* Info.plist */,
				C6872A0E233FCE96004A904C /* Unboxer.entitlements */,
				C6872A14233FD7F2004A904C /* Unboxer-Bridging-Header.h */,
			);
			path = Unboxer;
			sourceTree = "<group>";
		};
		C6872A18233FDF70004A904C /* Frameworks */ = {
			isa = PBXGroup;
			children = (
				C6872A19233FDF70004A904C /* libbox_format.a */,
			);
			name = Frameworks;
			sourceTree = "<group>";
		};
/* End PBXGroup section */

/* Begin PBXNativeTarget section */
		C6872A02233FCE95004A904C /* Unboxer */ = {
			isa = PBXNativeTarget;
			buildConfigurationList = C6872A11233FCE96004A904C /* Build configuration list for PBXNativeTarget "Unboxer" */;
			buildPhases = (
				C68729FF233FCE95004A904C /* Sources */,
				C6872A00233FCE95004A904C /* Frameworks */,
				C6872A01233FCE95004A904C /* Resources */,
			);
			buildRules = (
			);
			dependencies = (
			);
			name = Unboxer;
			productName = Unboxer;
			productReference = C6872A03233FCE95004A904C /* Unboxer.app */;
			productType = "com.apple.product-type.application";
		};
/* End PBXNativeTarget section */

/* Begin PBXProject section */
		C68729FB233FCE95004A904C /* Project object */ = {
			isa = PBXProject;
			attributes = {
				LastSwiftUpdateCheck = 1110;
				LastUpgradeCheck = 1110;
				ORGANIZATIONNAME = "Brendan Molloy";
				TargetAttributes = {
					C6872A02233FCE95004A904C = {
						CreatedOnToolsVersion = 11.1;
						LastSwiftMigration = 1110;
					};
				};
			};
			buildConfigurationList = C68729FE233FCE95004A904C /* Build configuration list for PBXProject "Unboxer" */;
			compatibilityVersion = "Xcode 9.3";
			developmentRegion = en;
			hasScannedForEncodings = 0;
			knownRegions = (
				en,
				Base,
			);
			mainGroup = C68729FA233FCE95004A904C;
			productRefGroup = C6872A04233FCE95004A904C /* Products */;
			projectDirPath = "";
			projectRoot = "";
			targets = (
				C6872A02233FCE95004A904C /* Unboxer */,
			);
		};
/* End PBXProject section */

/* Begin PBXResourcesBuildPhase section */
		C6872A01233FCE95004A904C /* Resources */ = {
			isa = PBXResourcesBuildPhase;
			buildActionMask = 2147483647;
			files = (
				C6872A09233FCE96004A904C /* Assets.xcassets in Resources */,
				C6872A0C233FCE96004A904C /* MainMenu.xib in Resources */,
			);
			runOnlyForDeploymentPostprocessing = 0;
		};
/* End PBXResourcesBuildPhase section */

/* Begin PBXSourcesBuildPhase section */
		C68729FF233FCE95004A904C /* Sources */ = {
			isa = PBXSourcesBuildPhase;
			buildActionMask = 2147483647;
			files = (
				C6872A07233FCE95004A904C /* AppDelegate.swift in Sources */,
			);
			runOnlyForDeploymentPostprocessing = 0;
		};
/* End PBXSourcesBuildPhase section */

/* Begin PBXVariantGroup section */
		C6872A0A233FCE96004A904C /* MainMenu.xib */ = {
			isa = PBXVariantGroup;
			children = (
				C6872A0B233FCE96004A904C /* Base */,
			);
			name = MainMenu.xib;
			sourceTree = "<group>";
		};
/* End PBXVariantGroup section */

/* Begin XCBuildConfiguration section */
		C6872A0F233FCE96004A904C /* Debug */ = {
			isa = XCBuildConfiguration;
			buildSettings = {
				ALWAYS_SEARCH_USER_PATHS = NO;
				CLANG_ANALYZER_NONNULL = YES;
				CLANG_ANALYZER_NUMBER_OBJECT_CONVERSION = YES_AGGRESSIVE;
				CLANG_CXX_LANGUAGE_STANDARD = "gnu++14";
				CLANG_CXX_LIBRARY = "libc++";
				CLANG_ENABLE_MODULES = YES;
				CLANG_ENABLE_OBJC_ARC = YES;
				CLANG_ENABLE_OBJC_WEAK = YES;
				CLANG_WARN_BLOCK_CAPTURE_AUTORELEASING = YES;
				CLANG_WARN_BOOL_CONVERSION = YES;
				CLANG_WARN_COMMA = YES;
				CLANG_WARN_CONSTANT_CONVERSION = YES;
				CLANG_WARN_DEPRECATED_OBJC_IMPLEMENTATIONS = YES;
				CLANG_WARN_DIRECT_OBJC_ISA_USAGE = YES_ERROR;
				CLANG_WARN_DOCUMENTATION_COMMENTS = YES;
				CLANG_WARN_EMPTY_BODY = YES;
				CLANG_WARN_ENUM_CONVERSION = YES;
				CLANG_WARN_INFINITE_RECURSION = YES;
				CLANG_WARN_INT_CONVERSION = YES;
				CLANG_WARN_NON_LITERAL_NULL_CONVERSION = YES;
				CLANG_WARN_OBJC_IMPLICIT_RETAIN_SELF = YES;
				CLANG_WARN_OBJC_LITERAL_CONVERSION = YES;
				CLANG_WARN_OBJC_ROOT_CLASS = YES_ERROR;
				CLANG_WARN_RANGE_LOOP_ANALYSIS = YES;
				CLANG_WARN_STRICT_PROTOTYPES = YES;
				CLANG_WARN_SUSPICIOUS_MOVE = YES;
				CLANG_WARN_UNGUARDED_AVAILABILITY = YES_AGGRESSIVE;
				CLANG_WARN_UNREACHABLE_CODE = YES;
				CLANG_WARN__DUPLICATE_METHOD_MATCH = YES;
				COPY_PHASE_STRIP = NO;
				DEBUG_INFORMATION_FORMAT = dwarf;
				ENABLE_STRICT_OBJC_MSGSEND = YES;
				ENABLE_TESTABILITY = YES;
				GCC_C_LANGUAGE_STANDARD = gnu11;
				GCC_DYNAMIC_NO_PIC = NO;
				GCC_NO_COMMON_BLOCKS = YES;
				GCC_OPTIMIZATION_LEVEL = 0;
				GCC_PREPROCESSOR_DEFINITIONS = (
					"DEBUG=1",
					"$(inherited)",
				);
				GCC_WARN_64_TO_32_BIT_CONVERSION = YES;
				GCC_WARN_ABOUT_RETURN_TYPE = YES_ERROR;
				GCC_WARN_UNDECLARED_SELECTOR = YES;
				GCC_WARN_UNINITIALIZED_AUTOS = YES_AGGRESSIVE;
				GCC_WARN_UNUSED_FUNCTION = YES;
				GCC_WARN_UNUSED_VARIABLE = YES;
				MACOSX_DEPLOYMENT_TARGET = 10.14;
				MTL_ENABLE_DEBUG_INFO = INCLUDE_SOURCE;
				MTL_FAST_MATH = YES;
				ONLY_ACTIVE_ARCH = YES;
				SDKROOT = macosx;
				SWIFT_ACTIVE_COMPILATION_CONDITIONS = DEBUG;
				SWIFT_OPTIMIZATION_LEVEL = "-Onone";
			};
			name = Debug;
		};
		C6872A10233FCE96004A904C /* Release */ = {
			isa = XCBuildConfiguration;
			buildSettings = {
				ALWAYS_SEARCH_USER_PATHS = NO;
				CLANG_ANALYZER_NONNULL = YES;
				CLANG_ANALYZER_NUMBER_OBJECT_CONVERSION = YES_AGGRESSIVE;
				CLANG_CXX_LANGUAGE_STANDARD = "gnu++14";
				CLANG_CXX_LIBRARY = "libc++";
				CLANG_ENABLE_MODULES = YES;
				CLANG_ENABLE_OBJC_ARC = YES;
				CLANG_ENABLE_OBJC_WEAK = YES;
				CLANG_WARN_BLOCK_CAPTURE_AUTORELEASING = YES;
				CLANG_WARN_BOOL_CONVERSION = YES;
				CLANG_WARN_COMMA = YES;
				CLANG_WARN_CONSTANT_CONVERSION = YES;
				CLANG_WARN_DEPRECATED_OBJC_IMPLEMENTATIONS = YES;
				CLANG_WARN_DIRECT_OBJC_ISA_USAGE = YES_ERROR;
				CLANG_WARN_DOCUMENTATION_COMMENTS = YES;
				CLANG_WARN_EMPTY_BODY = YES;
				CLANG_WARN_ENUM_CONVERSION = YES;
				CLANG_WARN_INFINITE_RECURSION = YES;
				CLANG_WARN_INT_CONVERSION = YES;
				CLANG_WARN_NON_LITERAL_NULL_CONVERSION = YES;
				CLANG_WARN_OBJC_IMPLICIT_RETAIN_SELF = YES;
				CLANG_WARN_OBJC_LITERAL_CONVERSION = YES;
				CLANG_WARN_OBJC_ROOT_CLASS = YES_ERROR;
				CLANG_WARN_RANGE_LOOP_ANALYSIS = YES;
				CLANG_WARN_STRICT_PROTOTYPES = YES;
				CLANG_WARN_SUSPICIOUS_MOVE = YES;
				CLANG_WARN_UNGUARDED_AVAILABILITY = YES_AGGRESSIVE;
				CLANG_WARN_UNREACHABLE_CODE = YES;
				CLANG_WARN__DUPLICATE_METHOD_MATCH = YES;
				COPY_PHASE_STRIP = NO;
				DEBUG_INFORMATION_FORMAT = "dwarf-with-dsym";
				ENABLE_NS_ASSERTIONS = NO;
				ENABLE_STRICT_OBJC_MSGSEND = YES;
				GCC_C_LANGUAGE_STANDARD = gnu11;
				GCC_NO_COMMON_BLOCKS = YES;
				GCC_WARN_64_TO_32_BIT_CONVERSION = YES;
				GCC_WARN_ABOUT_RETURN_TYPE = YES_ERROR;
				GCC_WARN_UNDECLARED_SELECTOR = YES;
				GCC_WARN_UNINITIALIZED_AUTOS = YES_AGGRESSIVE;
				GCC_WARN_UNUSED_FUNCTION = YES;
				GCC_WARN_UNUSED_VARIABLE = YES;
				MACOSX_DEPLOYMENT_TARGET = 10.14;
				MTL_ENABLE_DEBUG_INFO = NO;
				MTL_FAST_MATH = YES;
				SDKROOT = macosx;
				SWIFT_COMPILATION_MODE = wholemodule;
				SWIFT_OPTIMIZATION_LEVEL = "-O";
			};
			name = Release;
		};
		C6872A12233FCE96004A904C /* Debug */ = {
			isa = XCBuildConfiguration;
			buildSettings = {
				ASSETCATALOG_COMPILER_APPICON_NAME = AppIcon;
				CLANG_ENABLE_MODULES = YES;
				CODE_SIGN_ENTITLEMENTS = Unboxer/Unboxer.entitlements;
				CODE_SIGN_STYLE = Automatic;
				COMBINE_HIDPI_IMAGES = YES;
				DEVELOPMENT_ASSET_PATHS = "";
				DEVELOPMENT_TEAM = AE56HWMN8U;
				ENABLE_HARDENED_RUNTIME = NO;
				INFOPLIST_FILE = Unboxer/Info.plist;
				LD_RUNPATH_SEARCH_PATHS = (
					"$(inherited)",
					"@executable_path/../Frameworks",
				);
				LIBRARY_SEARCH_PATHS = (
					"$(inherited)",
					"$(PROJECT_DIR)/Unboxer",
				);
				PRODUCT_BUNDLE_IDENTIFIER = se.brendan.Unboxer;
				PRODUCT_NAME = "$(TARGET_NAME)";
				SWIFT_OBJC_BRIDGING_HEADER = "Unboxer/Unboxer-Bridging-Header.h";
				SWIFT_OPTIMIZATION_LEVEL = "-Onone";
				SWIFT_VERSION = 5.0;
			};
			name = Debug;
		};
		C6872A13233FCE96004A904C /* Release */ = {
			isa = XCBuildConfiguration;
			buildSettings = {
				ASSETCATALOG_COMPILER_APPICON_NAME = AppIcon;
				CLANG_ENABLE_MODULES = YES;
				CODE_SIGN_ENTITLEMENTS = Unboxer/Unboxer.entitlements;
				CODE_SIGN_STYLE = Automatic;
				COMBINE_HIDPI_IMAGES = YES;
				DEVELOPMENT_ASSET_PATHS = "";
				DEVELOPMENT_TEAM = AE56HWMN8U;
				ENABLE_HARDENED_RUNTIME = NO;
				INFOPLIST_FILE = Unboxer/Info.plist;
				LD_RUNPATH_SEARCH_PATHS = (
					"$(inherited)",
					"@executable_path/../Frameworks",
				);
				LIBRARY_SEARCH_PATHS = (
					"$(inherited)",
					"$(PROJECT_DIR)/Unboxer",
				);
				PRODUCT_BUNDLE_IDENTIFIER = se.brendan.Unboxer;
				PRODUCT_NAME = "$(TARGET_NAME)";
				SWIFT_OBJC_BRIDGING_HEADER = "Unboxer/Unboxer-Bridging-Header.h";
				SWIFT_VERSION = 5.0;
			};
			name = Release;
		};
/* End XCBuildConfiguration section */

/* Begin XCConfigurationList section */
		C68729FE233FCE95004A904C /* Build configuration list for PBXProject "Unboxer" */ = {
			isa = XCConfigurationList;
			buildConfigurations = (
				C6872A0F233FCE96004A904C /* Debug */,
				C6872A10233FCE96004A904C /* Release */,
			);
			defaultConfigurationIsVisible = 0;
			defaultConfigurationName = Release;
		};
		C6872A11233FCE96004A904C /* Build configuration list for PBXNativeTarget "Unboxer" */ = {
			isa = XCConfigurationList;
			buildConfigurations = (
				C6872A12233FCE96004A904C /* Debug */,
				C6872A13233FCE96004A904C /* Release */,
			);
			defaultConfigurationIsVisible = 0;
			defaultConfigurationName = Release;
		};
/* End XCConfigurationList section */
	};
	rootObject = C68729FB233FCE95004A904C /* Project object */;
}
